
Microsoft Visual Studio Solution File, Format Version 12.00
# Visual Studio Version 17
VisualStudioVersion = 17.13.35931.197
MinimumVisualStudioVersion = 10.0.40219.1
Project("{FAE04EC0-301F-11D3-BF4B-00C04F79EFBC}") = "DataAccess", "DataAccess\DataAccess.csproj", "{A4EE023A-7574-40C4-9E09-609BA2EE4D78}"
EndProject
Project("{FAE04EC0-301F-11D3-BF4B-00C04F79EFBC}") = "Business", "Business\Business.csproj", "{001DFF72-34C9-4CFF-AB4B-AF724365A20C}"
EndProject
Project("{FAE04EC0-301F-11D3-BF4B-00C04F79EFBC}") = "Entities", "Entities\Entities.csproj", "{F240B57D-F71F-4DFB-A2C5-71F15D659057}"
EndProject
Project("{FAE04EC0-301F-11D3-BF4B-00C04F79EFBC}") = "ConsoleUI", "ConsoleUI\ConsoleUI.csproj", "{97E9388C-E9B2-498F-A079-ED26059D8E32}"
EndProject
Project("{FAE04EC0-301F-11D3-BF4B-00C04F79EFBC}") = "Core", "Core\Core.csproj", "{BFE63AD7-8715-4BF8-9872-7ED074633950}"
EndProject
Project("{FAE04EC0-301F-11D3-BF4B-00C04F79EFBC}") = "WebAPI", "WebAPI\WebAPI.csproj", "{B3515BD3-E979-430B-9570-3F5D63F32224}"
EndProject
Global
	GlobalSection(SolutionConfigurationPlatforms) = preSolution
		Debug|Any CPU = Debug|Any CPU
		Release|Any CPU = Release|Any CPU
	EndGlobalSection
	GlobalSection(ProjectConfigurationPlatforms) = postSolution
		{A4EE023A-7574-40C4-9E09-609BA2EE4D78}.Debug|Any CPU.ActiveCfg = Debug|Any CPU
		{A4EE023A-7574-40C4-9E09-609BA2EE4D78}.Debug|Any CPU.Build.0 = Debug|Any CPU
		{A4EE023A-7574-40C4-9E09-609BA2EE4D78}.Release|Any CPU.ActiveCfg = Release|Any CPU
		{A4EE023A-7574-40C4-9E09-609BA2EE4D78}.Release|Any CPU.Build.0 = Release|Any CPU
		{001DFF72-34C9-4CFF-AB4B-AF724365A20C}.Debug|Any CPU.ActiveCfg = Debug|Any CPU
		{001DFF72-34C9-4CFF-AB4B-AF724365A20C}.Debug|Any CPU.Build.0 = Debug|Any CPU
		{001DFF72-34C9-4CFF-AB4B-AF724365A20C}.Release|Any CPU.ActiveCfg = Release|Any CPU
		{001DFF72-34C9-4CFF-AB4B-AF724365A20C}.Release|Any CPU.Build.0 = Release|Any CPU
		{F240B57D-F71F-4DFB-A2C5-71F15D659057}.Debug|Any CPU.ActiveCfg = Debug|Any CPU
		{F240B57D-F71F-4DFB-A2C5-71F15D659057}.Debug|Any CPU.Build.0 = Debug|Any CPU
		{F240B57D-F71F-4DFB-A2C5-71F15D659057}.Release|Any CPU.ActiveCfg = Release|Any CPU
		{F240B57D-F71F-4DFB-A2C5-71F15D659057}.Release|Any CPU.Build.0 = Release|Any CPU
		{97E9388C-E9B2-498F-A079-ED26059D8E32}.Debug|Any CPU.ActiveCfg = Debug|Any CPU
		{97E9388C-E9B2-498F-A079-ED26059D8E32}.Debug|Any CPU.Build.0 = Debug|Any CPU
		{97E9388C-E9B2-498F-A079-ED26059D8E32}.Release|Any CPU.ActiveCfg = Release|Any CPU
		{97E9388C-E9B2-498F-A079-ED26059D8E32}.Release|Any CPU.Build.0 = Release|Any CPU
		{BFE63AD7-8715-4BF8-9872-7ED074633950}.Debug|Any CPU.ActiveCfg = Debug|Any CPU
		{BFE63AD7-8715-4BF8-9872-7ED074633950}.Debug|Any CPU.Build.0 = Debug|Any CPU
		{BFE63AD7-8715-4BF8-9872-7ED074633950}.Release|Any CPU.ActiveCfg = Release|Any CPU
		{BFE63AD7-8715-4BF8-9872-7ED074633950}.Release|Any CPU.Build.0 = Release|Any CPU
		{B3515BD3-E979-430B-9570-3F5D63F32224}.Debug|Any CPU.ActiveCfg = Debug|Any CPU
		{B3515BD3-E979-430B-9570-3F5D63F32224}.Debug|Any CPU.Build.0 = Debug|Any CPU
		{B3515BD3-E979-430B-9570-3F5D63F32224}.Release|Any CPU.ActiveCfg = Release|Any CPU
		{B3515BD3-E979-430B-9570-3F5D63F32224}.Release|Any CPU.Build.0 = Release|Any CPU
	EndGlobalSection
	GlobalSection(SolutionProperties) = preSolution
		HideSolutionNode = FALSE
	EndGlobalSection
	GlobalSection(ExtensibilityGlobals) = postSolution
		SolutionGuid = {D098893B-5B90-4EFF-9D7D-DBC646DFD5AE}
	EndGlobalSection
EndGlobal
